
Microsoft Visual Studio Solution File, Format Version 12.00
# Visual Studio Version 16
VisualStudioVersion = 16.0.30804.86
MinimumVisualStudioVersion = 10.0.40219.1
Project("{9A19103F-16F7-4668-BE54-9A1E7A4F7556}") = "WDLT.Clients.Twitter", "WDLT.Clients.Twitter\WDLT.Clients.Twitter.csproj", "{6274AF1C-DBE0-445B-A921-A6E801850619}"
EndProject
Project("{2150E333-8FDC-42A3-9474-1A3956D46DE8}") = "submodules", "submodules", "{045CE767-CCEB-47BA-90B1-9DA11D85DBDA}"
EndProject
Project("{9A19103F-16F7-4668-BE54-9A1E7A4F7556}") = "WDLT.Clients.Base", "WDLT.Clients.Base\WDLT.Clients.Base\WDLT.Clients.Base.csproj", "{795237B1-7AE2-4CA7-8DB0-558C89B902E5}"
EndProject
Global
	GlobalSection(SolutionConfigurationPlatforms) = preSolution
		Debug|Any CPU = Debug|Any CPU
		Release|Any CPU = Release|Any CPU
	EndGlobalSection
	GlobalSection(ProjectConfigurationPlatforms) = postSolution
		{6274AF1C-DBE0-445B-A921-A6E801850619}.Debug|Any CPU.ActiveCfg = Debug|Any CPU
		{6274AF1C-DBE0-445B-A921-A6E801850619}.Debug|Any CPU.Build.0 = Debug|Any CPU
		{6274AF1C-DBE0-445B-A921-A6E801850619}.Release|Any CPU.ActiveCfg = Release|Any CPU
		{6274AF1C-DBE0-445B-A921-A6E801850619}.Release|Any CPU.Build.0 = Release|Any CPU
		{795237B1-7AE2-4CA7-8DB0-558C89B902E5}.Debug|Any CPU.ActiveCfg = Debug|Any CPU
		{795237B1-7AE2-4CA7-8DB0-558C89B902E5}.Debug|Any CPU.Build.0 = Debug|Any CPU
		{795237B1-7AE2-4CA7-8DB0-558C89B902E5}.Release|Any CPU.ActiveCfg = Release|Any CPU
		{795237B1-7AE2-4CA7-8DB0-558C89B902E5}.Release|Any CPU.Build.0 = Release|Any CPU
	EndGlobalSection
	GlobalSection(SolutionProperties) = preSolution
		HideSolutionNode = FALSE
	EndGlobalSection
	GlobalSection(NestedProjects) = preSolution
		{795237B1-7AE2-4CA7-8DB0-558C89B902E5} = {045CE767-CCEB-47BA-90B1-9DA11D85DBDA}
	EndGlobalSection
	GlobalSection(ExtensibilityGlobals) = postSolution
		SolutionGuid = {DCC7DBD7-B550-41BB-9A4E-EA60E1897238}
	EndGlobalSection
EndGlobal
